
Microsoft Visual Studio Solution File, Format Version 12.00
# Visual Studio 15
VisualStudioVersion = 15.0.27703.2035
MinimumVisualStudioVersion = 10.0.40219.1
Project("{FAE04EC0-301F-11D3-BF4B-00C04F79EFBC}") = "ANBOTIP-Rainbow", "ANBOTIP-Rainbow\ANBOTIP-Rainbow.csproj", "{14B1E5D1-6984-4CC5-960D-ABAB96B4046A}"
EndProject
Global
	GlobalSection(SolutionConfigurationPlatforms) = preSolution
		Debug|Any CPU = Debug|Any CPU
		Release|Any CPU = Release|Any CPU
	EndGlobalSection
	GlobalSection(ProjectConfigurationPlatforms) = postSolution
		{14B1E5D1-6984-4CC5-960D-ABAB96B4046A}.Debug|Any CPU.ActiveCfg = Debug|Any CPU
		{14B1E5D1-6984-4CC5-960D-ABAB96B4046A}.Debug|Any CPU.Build.0 = Debug|Any CPU
		{14B1E5D1-6984-4CC5-960D-ABAB96B4046A}.Release|Any CPU.ActiveCfg = Release|Any CPU
		{14B1E5D1-6984-4CC5-960D-ABAB96B4046A}.Release|Any CPU.Build.0 = Release|Any CPU
	EndGlobalSection
	GlobalSection(SolutionProperties) = preSolution
		HideSolutionNode = FALSE
	EndGlobalSection
	GlobalSection(ExtensibilityGlobals) = postSolution
		SolutionGuid = {5189A331-264D-4E3C-BD33-89CE43A2AFD8}
	EndGlobalSection
EndGlobal
